Microsoft Visual Studio Solution File, Format Version 12.00
# Visual Studio Version 17
VisualStudioVersion = 17.5.2.0
MinimumVisualStudioVersion = 10.0.40219.1
Project("{FAE04EC0-301F-11D3-BF4B-00C04F79EFBC}") = "ImperialCarsApp", "ImperialCarsApp\ImperialCarsApp.csproj", "{5C1BF911-AD92-E2C4-512D-0524E07AC08E}"
EndProject
Project("{2150E333-8FDC-42A3-9474-1A3956D46DE8}") = "StressTest", "StressTest", "{CAC98A8E-0DC6-20FF-5976-7B7574809741}"
EndProject
Project("{FAE04EC0-301F-11D3-BF4B-00C04F79EFBC}") = "ImperialStressTest", "StressTest\ImperialStressTest.csproj", "{34D37B31-E389-2E76-1632-18434F126692}"
EndProject
Global
	GlobalSection(SolutionConfigurationPlatforms) = preSolution
		Debug|Any CPU = Debug|Any CPU
		Release|Any CPU = Release|Any CPU
	EndGlobalSection
	GlobalSection(ProjectConfigurationPlatforms) = postSolution
		{5C1BF911-AD92-E2C4-512D-0524E07AC08E}.Debug|Any CPU.ActiveCfg = Debug|Any CPU
		{5C1BF911-AD92-E2C4-512D-0524E07AC08E}.Debug|Any CPU.Build.0 = Debug|Any CPU
		{5C1BF911-AD92-E2C4-512D-0524E07AC08E}.Release|Any CPU.ActiveCfg = Release|Any CPU
		{5C1BF911-AD92-E2C4-512D-0524E07AC08E}.Release|Any CPU.Build.0 = Release|Any CPU
		{34D37B31-E389-2E76-1632-18434F126692}.Debug|Any CPU.ActiveCfg = Debug|Any CPU
		{34D37B31-E389-2E76-1632-18434F126692}.Debug|Any CPU.Build.0 = Debug|Any CPU
		{34D37B31-E389-2E76-1632-18434F126692}.Release|Any CPU.ActiveCfg = Release|Any CPU
		{34D37B31-E389-2E76-1632-18434F126692}.Release|Any CPU.Build.0 = Release|Any CPU
	EndGlobalSection
	GlobalSection(SolutionProperties) = preSolution
		HideSolutionNode = FALSE
	EndGlobalSection
	GlobalSection(NestedProjects) = preSolution
		{34D37B31-E389-2E76-1632-18434F126692} = {CAC98A8E-0DC6-20FF-5976-7B7574809741}
	EndGlobalSection
	GlobalSection(ExtensibilityGlobals) = postSolution
		SolutionGuid = {66A16B74-9110-4560-96BD-AA4A1F675BC1}
	EndGlobalSection
EndGlobal
