Microsoft Visual Studio Solution File, Format Version 12.00
# Visual Studio Version 17
VisualStudioVersion = 17.5.2.0
MinimumVisualStudioVersion = 10.0.40219.1
Project("{FAE04EC0-301F-11D3-BF4B-00C04F79EFBC}") = "ImperialLuxuryCars", "ImperialLuxuryCars.csproj", "{E11A3909-C118-E1BE-7C77-97755F2C0797}"
EndProject
Global
	GlobalSection(SolutionConfigurationPlatforms) = preSolution
		Debug|Any CPU = Debug|Any CPU
		Release|Any CPU = Release|Any CPU
	EndGlobalSection
	GlobalSection(ProjectConfigurationPlatforms) = postSolution
		{E11A3909-C118-E1BE-7C77-97755F2C0797}.Debug|Any CPU.ActiveCfg = Debug|Any CPU
		{E11A3909-C118-E1BE-7C77-97755F2C0797}.Debug|Any CPU.Build.0 = Debug|Any CPU
		{E11A3909-C118-E1BE-7C77-97755F2C0797}.Release|Any CPU.ActiveCfg = Release|Any CPU
		{E11A3909-C118-E1BE-7C77-97755F2C0797}.Release|Any CPU.Build.0 = Release|Any CPU
	EndGlobalSection
	GlobalSection(SolutionProperties) = preSolution
		HideSolutionNode = FALSE
	EndGlobalSection
	GlobalSection(ExtensibilityGlobals) = postSolution
		SolutionGuid = {15361A46-51AB-41CE-B730-08F5FE09F698}
	EndGlobalSection
EndGlobal
